
Microsoft Visual Studio Solution File, Format Version 12.00
# Visual Studio 15
VisualStudioVersion = 15.0.28307.136
MinimumVisualStudioVersion = 10.0.40219.1
Project("{FAE04EC0-301F-11D3-BF4B-00C04F79EFBC}") = "tictoc", "tictoc\tictoc.csproj", "{15DA8BC4-AB52-47C5-9DC7-39DC5BA586B3}"
EndProject
Global
	GlobalSection(SolutionConfigurationPlatforms) = preSolution
		Debug|Any CPU = Debug|Any CPU
		Release|Any CPU = Release|Any CPU
	EndGlobalSection
	GlobalSection(ProjectConfigurationPlatforms) = postSolution
		{15DA8BC4-AB52-47C5-9DC7-39DC5BA586B3}.Debug|Any CPU.ActiveCfg = Debug|Any CPU
		{15DA8BC4-AB52-47C5-9DC7-39DC5BA586B3}.Debug|Any CPU.Build.0 = Debug|Any CPU
		{15DA8BC4-AB52-47C5-9DC7-39DC5BA586B3}.Release|Any CPU.ActiveCfg = Release|Any CPU
		{15DA8BC4-AB52-47C5-9DC7-39DC5BA586B3}.Release|Any CPU.Build.0 = Release|Any CPU
	EndGlobalSection
	GlobalSection(SolutionProperties) = preSolution
		HideSolutionNode = FALSE
	EndGlobalSection
	GlobalSection(ExtensibilityGlobals) = postSolution
		SolutionGuid = {0E59F004-7D84-4DDA-8ADF-A7066FBAA5A0}
	EndGlobalSection
EndGlobal
